// !$*UTF8*$!
{
	archiveVersion = 1;
	classes = {
	};
	objectVersion = 55;
	objects = {

/* Begin PBXBuildFile section */
		1C764669274D09C086752C5B /* Pods_chemistryAppTests.framework in Frameworks */ = {isa = PBXBuildFile; fileRef = AA6D73FC4E1677A84ECD3B5D /* Pods_chemistryAppTests.framework */; };
		67030D9782104ABD435D43A4 /* Pods_chemistryApp.framework in Frameworks */ = {isa = PBXBuildFile; fileRef = F206FC71DCB910523C96A062 /* Pods_chemistryApp.framework */; };
		6E5A7F1B28AEF79C002EA782 /* AppDelegate.swift in Sources */ = {isa = PBXBuildFile; fileRef = 6E5A7F1A28AEF79C002EA782 /* AppDelegate.swift */; };
		6E5A7F1D28AEF79C002EA782 /* SceneDelegate.swift in Sources */ = {isa = PBXBuildFile; fileRef = 6E5A7F1C28AEF79C002EA782 /* SceneDelegate.swift */; };
		6E5A7F2228AEF79C002EA782 /* Main.storyboard in Resources */ = {isa = PBXBuildFile; fileRef = 6E5A7F2028AEF79C002EA782 /* Main.storyboard */; };
		6E5A7F2528AEF79C002EA782 /* chemistryApp.xcdatamodeld in Sources */ = {isa = PBXBuildFile; fileRef = 6E5A7F2328AEF79C002EA782 /* chemistryApp.xcdatamodeld */; };
		6E5A7F2728AEF7A6002EA782 /* Assets.xcassets in Resources */ = {isa = PBXBuildFile; fileRef = 6E5A7F2628AEF7A6002EA782 /* Assets.xcassets */; };
		6E5A7F2A28AEF7A6002EA782 /* LaunchScreen.storyboard in Resources */ = {isa = PBXBuildFile; fileRef = 6E5A7F2828AEF7A6002EA782 /* LaunchScreen.storyboard */; };
		6E5A7F3528AEF7A7002EA782 /* chemistryAppTests.swift in Sources */ = {isa = PBXBuildFile; fileRef = 6E5A7F3428AEF7A7002EA782 /* chemistryAppTests.swift */; };
		6E5A7F3F28AEF7A7002EA782 /* chemistryAppUITests.swift in Sources */ = {isa = PBXBuildFile; fileRef = 6E5A7F3E28AEF7A7002EA782 /* chemistryAppUITests.swift */; };
		6E5A7F4128AEF7A7002EA782 /* chemistryAppUITestsLaunchTests.swift in Sources */ = {isa = PBXBuildFile; fileRef = 6E5A7F4028AEF7A7002EA782 /* chemistryAppUITestsLaunchTests.swift */; };
		6E5A7F4E28AEF9C0002EA782 /* SedimentationViewController.swift in Sources */ = {isa = PBXBuildFile; fileRef = 6E5A7F4D28AEF9C0002EA782 /* SedimentationViewController.swift */; };
		6E5A7F5028AFA870002EA782 /* ConvertSedimentationViewController.swift in Sources */ = {isa = PBXBuildFile; fileRef = 6E5A7F4F28AFA870002EA782 /* ConvertSedimentationViewController.swift */; };
		6EA9020528CA786C00663575 /* sedimentationModel.swift in Sources */ = {isa = PBXBuildFile; fileRef = 6EA9020428CA786B00663575 /* sedimentationModel.swift */; };
		6EA9020728CA78A100663575 /* SedimentationViewModel.swift in Sources */ = {isa = PBXBuildFile; fileRef = 6EA9020628CA78A100663575 /* SedimentationViewModel.swift */; };
		6EA9020D28CAA56A00663575 /* intermediateLawSedimentation.swift in Sources */ = {isa = PBXBuildFile; fileRef = 6EA9020C28CAA56A00663575 /* intermediateLawSedimentation.swift */; };
		6EA9020F28D8B4E200663575 /* LoginViewController.swift in Sources */ = {isa = PBXBuildFile; fileRef = 6EA9020E28D8B4E100663575 /* LoginViewController.swift */; };
		6EA9021128D8B94B00663575 /* GoogleService-Info.plist in Resources */ = {isa = PBXBuildFile; fileRef = 6EA9021028D8B94B00663575 /* GoogleService-Info.plist */; };
		C3D3725285750D43C93DBDFF /* Pods_chemistryApp_chemistryAppUITests.framework in Frameworks */ = {isa = PBXBuildFile; fileRef = 4D76B32ECB31EE25ED6B0118 /* Pods_chemistryApp_chemistryAppUITests.framework */; };
/* End PBXBuildFile section */

/* Begin PBXContainerItemProxy section */
		6E5A7F3128AEF7A6002EA782 /* PBXContainerItemProxy */ = {
			isa = PBXContainerItemProxy;
			containerPortal = 6E5A7F0F28AEF79C002EA782 /* Project object */;
			proxyType = 1;
			remoteGlobalIDString = 6E5A7F1628AEF79C002EA782;
			remoteInfo = chemistryApp;
		};
		6E5A7F3B28AEF7A7002EA782 /* PBXContainerItemProxy */ = {
			isa = PBXContainerItemProxy;
			containerPortal = 6E5A7F0F28AEF79C002EA782 /* Project object */;
			proxyType = 1;
			remoteGlobalIDString = 6E5A7F1628AEF79C002EA782;
			remoteInfo = chemistryApp;
		};
/* End PBXContainerItemProxy section */

/* Begin PBXFileReference section */
		30C67870EC90BF90AEBBF651 /* Pods-chemistryAppTests.debug.xcconfig */ = {isa = PBXFileReference; includeInIndex = 1; lastKnownFileType = text.xcconfig; name = "Pods-chemistryAppTests.debug.xcconfig"; path = "Target Support Files/Pods-chemistryAppTests/Pods-chemistryAppTests.debug.xcconfig"; sourceTree = "<group>"; };
		4D76B32ECB31EE25ED6B0118 /* Pods_chemistryApp_chemistryAppUITests.framework */ = {isa = PBXFileReference; explicitFileType = wrapper.framework; includeInIndex = 0; path = Pods_chemistryApp_chemistryAppUITests.framework; sourceTree = BUILT_PRODUCTS_DIR; };
		542EB841E8AA64A60A5DFFFC /* Pods-chemistryApp-chemistryAppUITests.debug.xcconfig */ = {isa = PBXFileReference; includeInIndex = 1; lastKnownFileType = text.xcconfig; name = "Pods-chemistryApp-chemistryAppUITests.debug.xcconfig"; path = "Target Support Files/Pods-chemistryApp-chemistryAppUITests/Pods-chemistryApp-chemistryAppUITests.debug.xcconfig"; sourceTree = "<group>"; };
		6E5A7F1728AEF79C002EA782 /* chemistryApp.app */ = {isa = PBXFileReference; explicitFileType = wrapper.application; includeInIndex = 0; path = chemistryApp.app; sourceTree = BUILT_PRODUCTS_DIR; };
		6E5A7F1A28AEF79C002EA782 /* AppDelegate.swift */ = {isa = PBXFileReference; lastKnownFileType = sourcecode.swift; path = AppDelegate.swift; sourceTree = "<group>"; };
		6E5A7F1C28AEF79C002EA782 /* SceneDelegate.swift */ = {isa = PBXFileReference; lastKnownFileType = sourcecode.swift; path = SceneDelegate.swift; sourceTree = "<group>"; };
		6E5A7F2128AEF79C002EA782 /* Base */ = {isa = PBXFileReference; lastKnownFileType = file.storyboard; name = Base; path = Base.lproj/Main.storyboard; sourceTree = "<group>"; };
		6E5A7F2428AEF79C002EA782 /* chemistryApp.xcdatamodel */ = {isa = PBXFileReference; lastKnownFileType = wrapper.xcdatamodel; path = chemistryApp.xcdatamodel; sourceTree = "<group>"; };
		6E5A7F2628AEF7A6002EA782 /* Assets.xcassets */ = {isa = PBXFileReference; lastKnownFileType = folder.assetcatalog; path = Assets.xcassets; sourceTree = "<group>"; };
		6E5A7F2928AEF7A6002EA782 /* Base */ = {isa = PBXFileReference; lastKnownFileType = file.storyboard; name = Base; path = Base.lproj/LaunchScreen.storyboard; sourceTree = "<group>"; };
		6E5A7F2B28AEF7A6002EA782 /* Info.plist */ = {isa = PBXFileReference; lastKnownFileType = text.plist.xml; path = Info.plist; sourceTree = "<group>"; };
		6E5A7F3028AEF7A6002EA782 /* chemistryAppTests.xctest */ = {isa = PBXFileReference; explicitFileType = wrapper.cfbundle; includeInIndex = 0; path = chemistryAppTests.xctest; sourceTree = BUILT_PRODUCTS_DIR; };
		6E5A7F3428AEF7A7002EA782 /* chemistryAppTests.swift */ = {isa = PBXFileReference; lastKnownFileType = sourcecode.swift; path = chemistryAppTests.swift; sourceTree = "<group>"; };
		6E5A7F3A28AEF7A7002EA782 /* chemistryAppUITests.xctest */ = {isa = PBXFileReference; explicitFileType = wrapper.cfbundle; includeInIndex = 0; path = chemistryAppUITests.xctest; sourceTree = BUILT_PRODUCTS_DIR; };
		6E5A7F3E28AEF7A7002EA782 /* chemistryAppUITests.swift */ = {isa = PBXFileReference; lastKnownFileType = sourcecode.swift; path = chemistryAppUITests.swift; sourceTree = "<group>"; };
		6E5A7F4028AEF7A7002EA782 /* chemistryAppUITestsLaunchTests.swift */ = {isa = PBXFileReference; lastKnownFileType = sourcecode.swift; path = chemistryAppUITestsLaunchTests.swift; sourceTree = "<group>"; };
		6E5A7F4D28AEF9C0002EA782 /* SedimentationViewController.swift */ = {isa = PBXFileReference; lastKnownFileType = sourcecode.swift; name = SedimentationViewController.swift; path = ../SedimentationViewController.swift; sourceTree = "<group>"; };
		6E5A7F4F28AFA870002EA782 /* ConvertSedimentationViewController.swift */ = {isa = PBXFileReference; lastKnownFileType = sourcecode.swift; path = ConvertSedimentationViewController.swift; sourceTree = "<group>"; };
		6EA9020428CA786B00663575 /* sedimentationModel.swift */ = {isa = PBXFileReference; lastKnownFileType = sourcecode.swift; path = sedimentationModel.swift; sourceTree = "<group>"; };
		6EA9020628CA78A100663575 /* SedimentationViewModel.swift */ = {isa = PBXFileReference; lastKnownFileType = sourcecode.swift; path = SedimentationViewModel.swift; sourceTree = "<group>"; };
		6EA9020C28CAA56A00663575 /* intermediateLawSedimentation.swift */ = {isa = PBXFileReference; lastKnownFileType = sourcecode.swift; path = intermediateLawSedimentation.swift; sourceTree = "<group>"; };
		6EA9020E28D8B4E100663575 /* LoginViewController.swift */ = {isa = PBXFileReference; lastKnownFileType = sourcecode.swift; path = LoginViewController.swift; sourceTree = "<group>"; };
		6EA9021028D8B94B00663575 /* GoogleService-Info.plist */ = {isa = PBXFileReference; fileEncoding = 4; lastKnownFileType = text.plist.xml; path = "GoogleService-Info.plist"; sourceTree = "<group>"; };
		AA6D73FC4E1677A84ECD3B5D /* Pods_chemistryAppTests.framework */ = {isa = PBXFileReference; explicitFileType = wrapper.framework; includeInIndex = 0; path = Pods_chemistryAppTests.framework; sourceTree = BUILT_PRODUCTS_DIR; };
		D0607D4E90264E5536DC7CB9 /* Pods-chemistryApp.debug.xcconfig */ = {isa = PBXFileReference; includeInIndex = 1; lastKnownFileType = text.xcconfig; name = "Pods-chemistryApp.debug.xcconfig"; path = "Target Support Files/Pods-chemistryApp/Pods-chemistryApp.debug.xcconfig"; sourceTree = "<group>"; };
		E382456ABEF7DCFF084AE297 /* Pods-chemistryAppTests.release.xcconfig */ = {isa = PBXFileReference; includeInIndex = 1; lastKnownFileType = text.xcconfig; name = "Pods-chemistryAppTests.release.xcconfig"; path = "Target Support Files/Pods-chemistryAppTests/Pods-chemistryAppTests.release.xcconfig"; sourceTree = "<group>"; };
		F1B7A3652D671C089012DDB5 /* Pods-chemistryApp.release.xcconfig */ = {isa = PBXFileReference; includeInIndex = 1; lastKnownFileType = text.xcconfig; name = "Pods-chemistryApp.release.xcconfig"; path = "Target Support Files/Pods-chemistryApp/Pods-chemistryApp.release.xcconfig"; sourceTree = "<group>"; };
		F206FC71DCB910523C96A062 /* Pods_chemistryApp.framework */ = {isa = PBXFileReference; explicitFileType = wrapper.framework; includeInIndex = 0; path = Pods_chemistryApp.framework; sourceTree = BUILT_PRODUCTS_DIR; };
		F364F6E4991E5665F6894EC5 /* Pods-chemistryApp-chemistryAppUITests.release.xcconfig */ = {isa = PBXFileReference; includeInIndex = 1; lastKnownFileType = text.xcconfig; name = "Pods-chemistryApp-chemistryAppUITests.release.xcconfig"; path = "Target Support Files/Pods-chemistryApp-chemistryAppUITests/Pods-chemistryApp-chemistryAppUITests.release.xcconfig"; sourceTree = "<group>"; };
/* End PBXFileReference section */

/* Begin PBXFrameworksBuildPhase section */
		6E5A7F1428AEF79C002EA782 /* Frameworks */ = {
			isa = PBXFrameworksBuildPhase;
			buildActionMask = 2147483647;
			files = (
				67030D9782104ABD435D43A4 /* Pods_chemistryApp.framework in Frameworks */,
			);
			runOnlyForDeploymentPostprocessing = 0;
		};
		6E5A7F2D28AEF7A6002EA782 /* Frameworks */ = {
			isa = PBXFrameworksBuildPhase;
			buildActionMask = 2147483647;
			files = (
				1C764669274D09C086752C5B /* Pods_chemistryAppTests.framework in Frameworks */,
			);
			runOnlyForDeploymentPostprocessing = 0;
		};
		6E5A7F3728AEF7A7002EA782 /* Frameworks */ = {
			isa = PBXFrameworksBuildPhase;
			buildActionMask = 2147483647;
			files = (
				C3D3725285750D43C93DBDFF /* Pods_chemistryApp_chemistryAppUITests.framework in Frameworks */,
			);
			runOnlyForDeploymentPostprocessing = 0;
		};
/* End PBXFrameworksBuildPhase section */

/* Begin PBXGroup section */
		2B10BB68FE707A08B4519A55 /* Frameworks */ = {
			isa = PBXGroup;
			children = (
				F206FC71DCB910523C96A062 /* Pods_chemistryApp.framework */,
				4D76B32ECB31EE25ED6B0118 /* Pods_chemistryApp_chemistryAppUITests.framework */,
				AA6D73FC4E1677A84ECD3B5D /* Pods_chemistryAppTests.framework */,
			);
			name = Frameworks;
			sourceTree = "<group>";
		};
		5B96BDDB08B1E8C3B90CC86F /* Pods */ = {
			isa = PBXGroup;
			children = (
				D0607D4E90264E5536DC7CB9 /* Pods-chemistryApp.debug.xcconfig */,
				F1B7A3652D671C089012DDB5 /* Pods-chemistryApp.release.xcconfig */,
				542EB841E8AA64A60A5DFFFC /* Pods-chemistryApp-chemistryAppUITests.debug.xcconfig */,
				F364F6E4991E5665F6894EC5 /* Pods-chemistryApp-chemistryAppUITests.release.xcconfig */,
				30C67870EC90BF90AEBBF651 /* Pods-chemistryAppTests.debug.xcconfig */,
				E382456ABEF7DCFF084AE297 /* Pods-chemistryAppTests.release.xcconfig */,
			);
			path = Pods;
			sourceTree = "<group>";
		};
		6E5A7F0E28AEF79C002EA782 = {
			isa = PBXGroup;
			children = (
				6E5A7F1928AEF79C002EA782 /* chemistryApp */,
				6E5A7F3328AEF7A7002EA782 /* chemistryAppTests */,
				6E5A7F3D28AEF7A7002EA782 /* chemistryAppUITests */,
				6E5A7F1828AEF79C002EA782 /* Products */,
				5B96BDDB08B1E8C3B90CC86F /* Pods */,
				2B10BB68FE707A08B4519A55 /* Frameworks */,
			);
			sourceTree = "<group>";
		};
		6E5A7F1828AEF79C002EA782 /* Products */ = {
			isa = PBXGroup;
			children = (
				6E5A7F1728AEF79C002EA782 /* chemistryApp.app */,
				6E5A7F3028AEF7A6002EA782 /* chemistryAppTests.xctest */,
				6E5A7F3A28AEF7A7002EA782 /* chemistryAppUITests.xctest */,
			);
			name = Products;
			sourceTree = "<group>";
		};
		6E5A7F1928AEF79C002EA782 /* chemistryApp */ = {
			isa = PBXGroup;
			children = (
				6EA9020328CA782D00663575 /* ViewControllers */,
				6E5A7F1A28AEF79C002EA782 /* AppDelegate.swift */,
				6E5A7F1C28AEF79C002EA782 /* SceneDelegate.swift */,
				6E5A7F2028AEF79C002EA782 /* Main.storyboard */,
				6E5A7F2628AEF7A6002EA782 /* Assets.xcassets */,
				6E5A7F2828AEF7A6002EA782 /* LaunchScreen.storyboard */,
				6E5A7F2B28AEF7A6002EA782 /* Info.plist */,
				6EA9021028D8B94B00663575 /* GoogleService-Info.plist */,
				6E5A7F2328AEF79C002EA782 /* chemistryApp.xcdatamodeld */,
				6E5A7F4F28AFA870002EA782 /* ConvertSedimentationViewController.swift */,
				6EA9020428CA786B00663575 /* sedimentationModel.swift */,
				6EA9020628CA78A100663575 /* SedimentationViewModel.swift */,
				6EA9020C28CAA56A00663575 /* intermediateLawSedimentation.swift */,
				6EA9020E28D8B4E100663575 /* LoginViewController.swift */,
			);
			path = chemistryApp;
			sourceTree = "<group>";
		};
		6E5A7F3328AEF7A7002EA782 /* chemistryAppTests */ = {
			isa = PBXGroup;
			children = (
				6E5A7F3428AEF7A7002EA782 /* chemistryAppTests.swift */,
			);
			path = chemistryAppTests;
			sourceTree = "<group>";
		};
		6E5A7F3D28AEF7A7002EA782 /* chemistryAppUITests */ = {
			isa = PBXGroup;
			children = (
				6E5A7F3E28AEF7A7002EA782 /* chemistryAppUITests.swift */,
				6E5A7F4028AEF7A7002EA782 /* chemistryAppUITestsLaunchTests.swift */,
			);
			path = chemistryAppUITests;
			sourceTree = "<group>";
		};
		6EA9020328CA782D00663575 /* ViewControllers */ = {
			isa = PBXGroup;
			children = (
				6E5A7F4D28AEF9C0002EA782 /* SedimentationViewController.swift */,
			);
			path = ViewControllers;
			sourceTree = "<group>";
		};
/* End PBXGroup section */

/* Begin PBXNativeTarget section */
		6E5A7F1628AEF79C002EA782 /* chemistryApp */ = {
			isa = PBXNativeTarget;
			buildConfigurationList = 6E5A7F4428AEF7A7002EA782 /* Build configuration list for PBXNativeTarget "chemistryApp" */;
			buildPhases = (
				B0112C6BDE53871F5C6EFF8C /* [CP] Check Pods Manifest.lock */,
				6E5A7F1328AEF79C002EA782 /* Sources */,
				6E5A7F1428AEF79C002EA782 /* Frameworks */,
				6E5A7F1528AEF79C002EA782 /* Resources */,
			);
			buildRules = (
			);
			dependencies = (
			);
			name = chemistryApp;
			productName = chemistryApp;
			productReference = 6E5A7F1728AEF79C002EA782 /* chemistryApp.app */;
			productType = "com.apple.product-type.application";
		};
		6E5A7F2F28AEF7A6002EA782 /* chemistryAppTests */ = {
			isa = PBXNativeTarget;
			buildConfigurationList = 6E5A7F4728AEF7A7002EA782 /* Build configuration list for PBXNativeTarget "chemistryAppTests" */;
			buildPhases = (
				05EC1A4EDD703BE770AE1A3B /* [CP] Check Pods Manifest.lock */,
				6E5A7F2C28AEF7A6002EA782 /* Sources */,
				6E5A7F2D28AEF7A6002EA782 /* Frameworks */,
				6E5A7F2E28AEF7A6002EA782 /* Resources */,
			);
			buildRules = (
			);
			dependencies = (
				6E5A7F3228AEF7A6002EA782 /* PBXTargetDependency */,
			);
			name = chemistryAppTests;
			productName = chemistryAppTests;
			productReference = 6E5A7F3028AEF7A6002EA782 /* chemistryAppTests.xctest */;
			productType = "com.apple.product-type.bundle.unit-test";
		};
		6E5A7F3928AEF7A7002EA782 /* chemistryAppUITests */ = {
			isa = PBXNativeTarget;
			buildConfigurationList = 6E5A7F4A28AEF7A7002EA782 /* Build configuration list for PBXNativeTarget "chemistryAppUITests" */;
			buildPhases = (
				4D1A383AD4DB17F50F2BD0E6 /* [CP] Check Pods Manifest.lock */,
				6E5A7F3628AEF7A7002EA782 /* Sources */,
				6E5A7F3728AEF7A7002EA782 /* Frameworks */,
				6E5A7F3828AEF7A7002EA782 /* Resources */,
			);
			buildRules = (
			);
			dependencies = (
				6E5A7F3C28AEF7A7002EA782 /* PBXTargetDependency */,
			);
			name = chemistryAppUITests;
			productName = chemistryAppUITests;
			productReference = 6E5A7F3A28AEF7A7002EA782 /* chemistryAppUITests.xctest */;
			productType = "com.apple.product-type.bundle.ui-testing";
		};
/* End PBXNativeTarget section */

/* Begin PBXProject section */
		6E5A7F0F28AEF79C002EA782 /* Project object */ = {
			isa = PBXProject;
			attributes = {
				BuildIndependentTargetsInParallel = 1;
				LastSwiftUpdateCheck = 1320;
				LastUpgradeCheck = 1320;
				TargetAttributes = {
					6E5A7F1628AEF79C002EA782 = {
						CreatedOnToolsVersion = 13.2.1;
					};
					6E5A7F2F28AEF7A6002EA782 = {
						CreatedOnToolsVersion = 13.2.1;
						TestTargetID = 6E5A7F1628AEF79C002EA782;
					};
					6E5A7F3928AEF7A7002EA782 = {
						CreatedOnToolsVersion = 13.2.1;
						TestTargetID = 6E5A7F1628AEF79C002EA782;
					};
				};
			};
			buildConfigurationList = 6E5A7F1228AEF79C002EA782 /* Build configuration list for PBXProject "chemistryApp" */;
			compatibilityVersion = "Xcode 13.0";
			developmentRegion = en;
			hasScannedForEncodings = 0;
			knownRegions = (
				en,
				Base,
			);
			mainGroup = 6E5A7F0E28AEF79C002EA782;
			productRefGroup = 6E5A7F1828AEF79C002EA782 /* Products */;
			projectDirPath = "";
			projectRoot = "";
			targets = (
				6E5A7F1628AEF79C002EA782 /* chemistryApp */,
				6E5A7F2F28AEF7A6002EA782 /* chemistryAppTests */,
				6E5A7F3928AEF7A7002EA782 /* chemistryAppUITests */,
			);
		};
/* End PBXProject section */

/* Begin PBXResourcesBuildPhase section */
		6E5A7F1528AEF79C002EA782 /* Resources */ = {
			isa = PBXResourcesBuildPhase;
			buildActionMask = 2147483647;
			files = (
				6E5A7F2A28AEF7A6002EA782 /* LaunchScreen.storyboard in Resources */,
				6EA9021128D8B94B00663575 /* GoogleService-Info.plist in Resources */,
				6E5A7F2728AEF7A6002EA782 /* Assets.xcassets in Resources */,
				6E5A7F2228AEF79C002EA782 /* Main.storyboard in Resources */,
			);
			runOnlyForDeploymentPostprocessing = 0;
		};
		6E5A7F2E28AEF7A6002EA782 /* Resources */ = {
			isa = PBXResourcesBuildPhase;
			buildActionMask = 2147483647;
			files = (
			);
			runOnlyForDeploymentPostprocessing = 0;
		};
		6E5A7F3828AEF7A7002EA782 /* Resources */ = {
			isa = PBXResourcesBuildPhase;
			buildActionMask = 2147483647;
			files = (
			);
			runOnlyForDeploymentPostprocessing = 0;
		};
/* End PBXResourcesBuildPhase section */

/* Begin PBXShellScriptBuildPhase section */
		05EC1A4EDD703BE770AE1A3B /* [CP] Check Pods Manifest.lock */ = {
			isa = PBXShellScriptBuildPhase;
			buildActionMask = 2147483647;
			files = (
			);
			inputFileListPaths = (
			);
			inputPaths = (
				"${PODS_PODFILE_DIR_PATH}/Podfile.lock",
				"${PODS_ROOT}/Manifest.lock",
			);
			name = "[CP] Check Pods Manifest.lock";
			outputFileListPaths = (
			);
			outputPaths = (
				"$(DERIVED_FILE_DIR)/Pods-chemistryAppTests-checkManifestLockResult.txt",
			);
			runOnlyForDeploymentPostprocessing = 0;
			shellPath = /bin/sh;
			shellScript = "diff \"${PODS_PODFILE_DIR_PATH}/Podfile.lock\" \"${PODS_ROOT}/Manifest.lock\" > /dev/null\nif [ $? != 0 ] ; then\n    # print error to STDERR\n    echo \"error: The sandbox is not in sync with the Podfile.lock. Run 'pod install' or update your CocoaPods installation.\" >&2\n    exit 1\nfi\n# This output is used by Xcode 'outputs' to avoid re-running this script phase.\necho \"SUCCESS\" > \"${SCRIPT_OUTPUT_FILE_0}\"\n";
			showEnvVarsInLog = 0;
		};
		4D1A383AD4DB17F50F2BD0E6 /* [CP] Check Pods Manifest.lock */ = {
			isa = PBXShellScriptBuildPhase;
			buildActionMask = 2147483647;
			files = (
			);
			inputFileListPaths = (
			);
			inputPaths = (
				"${PODS_PODFILE_DIR_PATH}/Podfile.lock",
				"${PODS_ROOT}/Manifest.lock",
			);
			name = "[CP] Check Pods Manifest.lock";
			outputFileListPaths = (
			);
			outputPaths = (
				"$(DERIVED_FILE_DIR)/Pods-chemistryApp-chemistryAppUITests-checkManifestLockResult.txt",
			);
			runOnlyForDeploymentPostprocessing = 0;
			shellPath = /bin/sh;
			shellScript = "diff \"${PODS_PODFILE_DIR_PATH}/Podfile.lock\" \"${PODS_ROOT}/Manifest.lock\" > /dev/null\nif [ $? != 0 ] ; then\n    # print error to STDERR\n    echo \"error: The sandbox is not in sync with the Podfile.lock. Run 'pod install' or update your CocoaPods installation.\" >&2\n    exit 1\nfi\n# This output is used by Xcode 'outputs' to avoid re-running this script phase.\necho \"SUCCESS\" > \"${SCRIPT_OUTPUT_FILE_0}\"\n";
			showEnvVarsInLog = 0;
		};
		B0112C6BDE53871F5C6EFF8C /* [CP] Check Pods Manifest.lock */ = {
			isa = PBXShellScriptBuildPhase;
			buildActionMask = 2147483647;
			files = (
			);
			inputFileListPaths = (
			);
			inputPaths = (
				"${PODS_PODFILE_DIR_PATH}/Podfile.lock",
				"${PODS_ROOT}/Manifest.lock",
			);
			name = "[CP] Check Pods Manifest.lock";
			outputFileListPaths = (
			);
			outputPaths = (
				"$(DERIVED_FILE_DIR)/Pods-chemistryApp-checkManifestLockResult.txt",
			);
			runOnlyForDeploymentPostprocessing = 0;
			shellPath = /bin/sh;
			shellScript = "diff \"${PODS_PODFILE_DIR_PATH}/Podfile.lock\" \"${PODS_ROOT}/Manifest.lock\" > /dev/null\nif [ $? != 0 ] ; then\n    # print error to STDERR\n    echo \"error: The sandbox is not in sync with the Podfile.lock. Run 'pod install' or update your CocoaPods installation.\" >&2\n    exit 1\nfi\n# This output is used by Xcode 'outputs' to avoid re-running this script phase.\necho \"SUCCESS\" > \"${SCRIPT_OUTPUT_FILE_0}\"\n";
			showEnvVarsInLog = 0;
		};
/* End PBXShellScriptBuildPhase section */

/* Begin PBXSourcesBuildPhase section */
		6E5A7F1328AEF79C002EA782 /* Sources */ = {
			isa = PBXSourcesBuildPhase;
			buildActionMask = 2147483647;
			files = (
				6EA9020F28D8B4E200663575 /* LoginViewController.swift in Sources */,
				6EA9020D28CAA56A00663575 /* intermediateLawSedimentation.swift in Sources */,
				6EA9020528CA786C00663575 /* sedimentationModel.swift in Sources */,
				6E5A7F1B28AEF79C002EA782 /* AppDelegate.swift in Sources */,
				6E5A7F4E28AEF9C0002EA782 /* SedimentationViewController.swift in Sources */,
				6E5A7F5028AFA870002EA782 /* ConvertSedimentationViewController.swift in Sources */,
				6EA9020728CA78A100663575 /* SedimentationViewModel.swift in Sources */,
				6E5A7F2528AEF79C002EA782 /* chemistryApp.xcdatamodeld in Sources */,
				6E5A7F1D28AEF79C002EA782 /* SceneDelegate.swift in Sources */,
			);
			runOnlyForDeploymentPostprocessing = 0;
		};
		6E5A7F2C28AEF7A6002EA782 /* Sources */ = {
			isa = PBXSourcesBuildPhase;
			buildActionMask = 2147483647;
			files = (
				6E5A7F3528AEF7A7002EA782 /* chemistryAppTests.swift in Sources */,
			);
			runOnlyForDeploymentPostprocessing = 0;
		};
		6E5A7F3628AEF7A7002EA782 /* Sources */ = {
			isa = PBXSourcesBuildPhase;
			buildActionMask = 2147483647;
			files = (
				6E5A7F3F28AEF7A7002EA782 /* chemistryAppUITests.swift in Sources */,
				6E5A7F4128AEF7A7002EA782 /* chemistryAppUITestsLaunchTests.swift in Sources */,
			);
			runOnlyForDeploymentPostprocessing = 0;
		};
/* End PBXSourcesBuildPhase section */

/* Begin PBXTargetDependency section */
		6E5A7F3228AEF7A6002EA782 /* PBXTargetDependency */ = {
			isa = PBXTargetDependency;
			target = 6E5A7F1628AEF79C002EA782 /* chemistryApp */;
			targetProxy = 6E5A7F3128AEF7A6002EA782 /* PBXContainerItemProxy */;
		};
		6E5A7F3C28AEF7A7002EA782 /* PBXTargetDependency */ = {
			isa = PBXTargetDependency;
			target = 6E5A7F1628AEF79C002EA782 /* chemistryApp */;
			targetProxy = 6E5A7F3B28AEF7A7002EA782 /* PBXContainerItemProxy */;
		};
/* End PBXTargetDependency section */

/* Begin PBXVariantGroup section */
		6E5A7F2028AEF79C002EA782 /* Main.storyboard */ = {
			isa = PBXVariantGroup;
			children = (
				6E5A7F2128AEF79C002EA782 /* Base */,
			);
			name = Main.storyboard;
			sourceTree = "<group>";
		};
		6E5A7F2828AEF7A6002EA782 /* LaunchScreen.storyboard */ = {
			isa = PBXVariantGroup;
			children = (
				6E5A7F2928AEF7A6002EA782 /* Base */,
			);
			name = LaunchScreen.storyboard;
			sourceTree = "<group>";
		};
/* End PBXVariantGroup section */

/* Begin XCBuildConfiguration section */
		6E5A7F4228AEF7A7002EA782 /* Debug */ = {
			isa = XCBuildConfiguration;
			buildSettings = {
				ALWAYS_SEARCH_USER_PATHS = NO;
				CLANG_ANALYZER_NONNULL = YES;
				CLANG_ANALYZER_NUMBER_OBJECT_CONVERSION = YES_AGGRESSIVE;
				CLANG_CXX_LANGUAGE_STANDARD = "gnu++17";
				CLANG_CXX_LIBRARY = "libc++";
				CLANG_ENABLE_MODULES = YES;
				CLANG_ENABLE_OBJC_ARC = YES;
				CLANG_ENABLE_OBJC_WEAK = YES;
				CLANG_WARN_BLOCK_CAPTURE_AUTORELEASING = YES;
				CLANG_WARN_BOOL_CONVERSION = YES;
				CLANG_WARN_COMMA = YES;
				CLANG_WARN_CONSTANT_CONVERSION = YES;
				CLANG_WARN_DEPRECATED_OBJC_IMPLEMENTATIONS = YES;
				CLANG_WARN_DIRECT_OBJC_ISA_USAGE = YES_ERROR;
				CLANG_WARN_DOCUMENTATION_COMMENTS = YES;
				CLANG_WARN_EMPTY_BODY = YES;
				CLANG_WARN_ENUM_CONVERSION = YES;
				CLANG_WARN_INFINITE_RECURSION = YES;
				CLANG_WARN_INT_CONVERSION = YES;
				CLANG_WARN_NON_LITERAL_NULL_CONVERSION = YES;
				CLANG_WARN_OBJC_IMPLICIT_RETAIN_SELF = YES;
				CLANG_WARN_OBJC_LITERAL_CONVERSION = YES;
				CLANG_WARN_OBJC_ROOT_CLASS = YES_ERROR;
				CLANG_WARN_QUOTED_INCLUDE_IN_FRAMEWORK_HEADER = YES;
				CLANG_WARN_RANGE_LOOP_ANALYSIS = YES;
				CLANG_WARN_STRICT_PROTOTYPES = YES;
				CLANG_WARN_SUSPICIOUS_MOVE = YES;
				CLANG_WARN_UNGUARDED_AVAILABILITY = YES_AGGRESSIVE;
				CLANG_WARN_UNREACHABLE_CODE = YES;
				CLANG_WARN__DUPLICATE_METHOD_MATCH = YES;
				COPY_PHASE_STRIP = NO;
				DEBUG_INFORMATION_FORMAT = dwarf;
				ENABLE_STRICT_OBJC_MSGSEND = YES;
				ENABLE_TESTABILITY = YES;
				GCC_C_LANGUAGE_STANDARD = gnu11;
				GCC_DYNAMIC_NO_PIC = NO;
				GCC_NO_COMMON_BLOCKS = YES;
				GCC_OPTIMIZATION_LEVEL = 0;
				GCC_PREPROCESSOR_DEFINITIONS = (
					"DEBUG=1",
					"$(inherited)",
				);
				GCC_WARN_64_TO_32_BIT_CONVERSION = YES;
				GCC_WARN_ABOUT_RETURN_TYPE = YES_ERROR;
				GCC_WARN_UNDECLARED_SELECTOR = YES;
				GCC_WARN_UNINITIALIZED_AUTOS = YES_AGGRESSIVE;
				GCC_WARN_UNUSED_FUNCTION = YES;
				GCC_WARN_UNUSED_VARIABLE = YES;
				IPHONEOS_DEPLOYMENT_TARGET = 15.2;
				MTL_ENABLE_DEBUG_INFO = INCLUDE_SOURCE;
				MTL_FAST_MATH = YES;
				ONLY_ACTIVE_ARCH = YES;
				SDKROOT = iphoneos;
				SWIFT_ACTIVE_COMPILATION_CONDITIONS = DEBUG;
				SWIFT_OPTIMIZATION_LEVEL = "-Onone";
			};
			name = Debug;
		};
		6E5A7F4328AEF7A7002EA782 /* Release */ = {
			isa = XCBuildConfiguration;
			buildSettings = {
				ALWAYS_SEARCH_USER_PATHS = NO;
				CLANG_ANALYZER_NONNULL = YES;
				CLANG_ANALYZER_NUMBER_OBJECT_CONVERSION = YES_AGGRESSIVE;
				CLANG_CXX_LANGUAGE_STANDARD = "gnu++17";
				CLANG_CXX_LIBRARY = "libc++";
				CLANG_ENABLE_MODULES = YES;
				CLANG_ENABLE_OBJC_ARC = YES;
				CLANG_ENABLE_OBJC_WEAK = YES;
				CLANG_WARN_BLOCK_CAPTURE_AUTORELEASING = YES;
				CLANG_WARN_BOOL_CONVERSION = YES;
				CLANG_WARN_COMMA = YES;
				CLANG_WARN_CONSTANT_CONVERSION = YES;
				CLANG_WARN_DEPRECATED_OBJC_IMPLEMENTATIONS = YES;
				CLANG_WARN_DIRECT_OBJC_ISA_USAGE = YES_ERROR;
				CLANG_WARN_DOCUMENTATION_COMMENTS = YES;
				CLANG_WARN_EMPTY_BODY = YES;
				CLANG_WARN_ENUM_CONVERSION = YES;
				CLANG_WARN_INFINITE_RECURSION = YES;
				CLANG_WARN_INT_CONVERSION = YES;
				CLANG_WARN_NON_LITERAL_NULL_CONVERSION = YES;
				CLANG_WARN_OBJC_IMPLICIT_RETAIN_SELF = YES;
				CLANG_WARN_OBJC_LITERAL_CONVERSION = YES;
				CLANG_WARN_OBJC_ROOT_CLASS = YES_ERROR;
				CLANG_WARN_QUOTED_INCLUDE_IN_FRAMEWORK_HEADER = YES;
				CLANG_WARN_RANGE_LOOP_ANALYSIS = YES;
				CLANG_WARN_STRICT_PROTOTYPES = YES;
				CLANG_WARN_SUSPICIOUS_MOVE = YES;
				CLANG_WARN_UNGUARDED_AVAILABILITY = YES_AGGRESSIVE;
				CLANG_WARN_UNREACHABLE_CODE = YES;
				CLANG_WARN__DUPLICATE_METHOD_MATCH = YES;
				COPY_PHASE_STRIP = NO;
				DEBUG_INFORMATION_FORMAT = "dwarf-with-dsym";
				ENABLE_NS_ASSERTIONS = NO;
				ENABLE_STRICT_OBJC_MSGSEND = YES;
				GCC_C_LANGUAGE_STANDARD = gnu11;
				GCC_NO_COMMON_BLOCKS = YES;
				GCC_WARN_64_TO_32_BIT_CONVERSION = YES;
				GCC_WARN_ABOUT_RETURN_TYPE = YES_ERROR;
				GCC_WARN_UNDECLARED_SELECTOR = YES;
				GCC_WARN_UNINITIALIZED_AUTOS = YES_AGGRESSIVE;
				GCC_WARN_UNUSED_FUNCTION = YES;
				GCC_WARN_UNUSED_VARIABLE = YES;
				IPHONEOS_DEPLOYMENT_TARGET = 15.2;
				MTL_ENABLE_DEBUG_INFO = NO;
				MTL_FAST_MATH = YES;
				SDKROOT = iphoneos;
				SWIFT_COMPILATION_MODE = wholemodule;
				SWIFT_OPTIMIZATION_LEVEL = "-O";
				VALIDATE_PRODUCT = YES;
			};
			name = Release;
		};
		6E5A7F4528AEF7A7002EA782 /* Debug */ = {
			isa = XCBuildConfiguration;
			baseConfigurationReference = D0607D4E90264E5536DC7CB9 /* Pods-chemistryApp.debug.xcconfig */;
			buildSettings = {
				ASSETCATALOG_COMPILER_APPICON_NAME = AppIcon;
				ASSETCATALOG_COMPILER_GLOBAL_ACCENT_COLOR_NAME = AccentColor;
				CODE_SIGN_STYLE = Automatic;
				CURRENT_PROJECT_VERSION = 1;
				DEVELOPMENT_TEAM = 7ZW426UCNS;
				GENERATE_INFOPLIST_FILE = YES;
				INFOPLIST_FILE = chemistryApp/Info.plist;
				INFOPLIST_KEY_UIApplicationSupportsIndirectInputEvents = YES;
				INFOPLIST_KEY_UILaunchStoryboardName = LaunchScreen;
				INFOPLIST_KEY_UIMainStoryboardFile = Main;
				INFOPLIST_KEY_UISupportedInterfaceOrientations_iPad = "UIInterfaceOrientationPortrait UIInterfaceOrientationPortraitUpsideDown UIInterfaceOrientationLandscapeLeft UIInterfaceOrientationLandscapeRight";
				INFOPLIST_KEY_UISupportedInterfaceOrientations_iPhone = "UIInterfaceOrientationPortrait UIInterfaceOrientationLandscapeLeft UIInterfaceOrientationLandscapeRight";
				LD_RUNPATH_SEARCH_PATHS = (
					"$(inherited)",
					"@executable_path/Frameworks",
				);
				MARKETING_VERSION = 1.0;
				PRODUCT_BUNDLE_IDENTIFIER = teste.chemistryApp;
				PRODUCT_NAME = "$(TARGET_NAME)";
				SWIFT_EMIT_LOC_STRINGS = YES;
				SWIFT_VERSION = 5.0;
				TARGETED_DEVICE_FAMILY = "1,2";
			};
			name = Debug;
		};
		6E5A7F4628AEF7A7002EA782 /* Release */ = {
			isa = XCBuildConfiguration;
			baseConfigurationReference = F1B7A3652D671C089012DDB5 /* Pods-chemistryApp.release.xcconfig */;
			buildSettings = {
				ASSETCATALOG_COMPILER_APPICON_NAME = AppIcon;
				ASSETCATALOG_COMPILER_GLOBAL_ACCENT_COLOR_NAME = AccentColor;
				CODE_SIGN_STYLE = Automatic;
				CURRENT_PROJECT_VERSION = 1;
				DEVELOPMENT_TEAM = 7ZW426UCNS;
				GENERATE_INFOPLIST_FILE = YES;
				INFOPLIST_FILE = chemistryApp/Info.plist;
				INFOPLIST_KEY_UIApplicationSupportsIndirectInputEvents = YES;
				INFOPLIST_KEY_UILaunchStoryboardName = LaunchScreen;
				INFOPLIST_KEY_UIMainStoryboardFile = Main;
				INFOPLIST_KEY_UISupportedInterfaceOrientations_iPad = "UIInterfaceOrientationPortrait UIInterfaceOrientationPortraitUpsideDown UIInterfaceOrientationLandscapeLeft UIInterfaceOrientationLandscapeRight";
				INFOPLIST_KEY_UISupportedInterfaceOrientations_iPhone = "UIInterfaceOrientationPortrait UIInterfaceOrientationLandscapeLeft UIInterfaceOrientationLandscapeRight";
				LD_RUNPATH_SEARCH_PATHS = (
					"$(inherited)",
					"@executable_path/Frameworks",
				);
				MARKETING_VERSION = 1.0;
				PRODUCT_BUNDLE_IDENTIFIER = teste.chemistryApp;
				PRODUCT_NAME = "$(TARGET_NAME)";
				SWIFT_EMIT_LOC_STRINGS = YES;
				SWIFT_VERSION = 5.0;
				TARGETED_DEVICE_FAMILY = "1,2";
			};
			name = Release;
		};
		6E5A7F4828AEF7A7002EA782 /* Debug */ = {
			isa = XCBuildConfiguration;
			baseConfigurationReference = 30C67870EC90BF90AEBBF651 /* Pods-chemistryAppTests.debug.xcconfig */;
			buildSettings = {
				ALWAYS_EMBED_SWIFT_STANDARD_LIBRARIES = YES;
				BUNDLE_LOADER = "$(TEST_HOST)";
				CODE_SIGN_STYLE = Automatic;
				CURRENT_PROJECT_VERSION = 1;
				DEVELOPMENT_TEAM = 7ZW426UCNS;
				GENERATE_INFOPLIST_FILE = YES;
				IPHONEOS_DEPLOYMENT_TARGET = 15.2;
				MARKETING_VERSION = 1.0;
				PRODUCT_BUNDLE_IDENTIFIER = teste.chemistryAppTests;
				PRODUCT_NAME = "$(TARGET_NAME)";
				SWIFT_EMIT_LOC_STRINGS = NO;
				SWIFT_VERSION = 5.0;
				TARGETED_DEVICE_FAMILY = "1,2";
				TEST_HOST = "$(BUILT_PRODUCTS_DIR)/chemistryApp.app/chemistryApp";
			};
			name = Debug;
		};
		6E5A7F4928AEF7A7002EA782 /* Release */ = {
			isa = XCBuildConfiguration;
			baseConfigurationReference = E382456ABEF7DCFF084AE297 /* Pods-chemistryAppTests.release.xcconfig */;
			buildSettings = {
				ALWAYS_EMBED_SWIFT_STANDARD_LIBRARIES = YES;
				BUNDLE_LOADER = "$(TEST_HOST)";
				CODE_SIGN_STYLE = Automatic;
				CURRENT_PROJECT_VERSION = 1;
				DEVELOPMENT_TEAM = 7ZW426UCNS;
				GENERATE_INFOPLIST_FILE = YES;
				IPHONEOS_DEPLOYMENT_TARGET = 15.2;
				MARKETING_VERSION = 1.0;
				PRODUCT_BUNDLE_IDENTIFIER = teste.chemistryAppTests;
				PRODUCT_NAME = "$(TARGET_NAME)";
				SWIFT_EMIT_LOC_STRINGS = NO;
				SWIFT_VERSION = 5.0;
				TARGETED_DEVICE_FAMILY = "1,2";
				TEST_HOST = "$(BUILT_PRODUCTS_DIR)/chemistryApp.app/chemistryApp";
			};
			name = Release;
		};
		6E5A7F4B28AEF7A7002EA782 /* Debug */ = {
			isa = XCBuildConfiguration;
			baseConfigurationReference = 542EB841E8AA64A60A5DFFFC /* Pods-chemistryApp-chemistryAppUITests.debug.xcconfig */;
			buildSettings = {
				ALWAYS_EMBED_SWIFT_STANDARD_LIBRARIES = YES;
				CODE_SIGN_STYLE = Automatic;
				CURRENT_PROJECT_VERSION = 1;
				DEVELOPMENT_TEAM = 7ZW426UCNS;
				GENERATE_INFOPLIST_FILE = YES;
				MARKETING_VERSION = 1.0;
				PRODUCT_BUNDLE_IDENTIFIER = teste.chemistryAppUITests;
				PRODUCT_NAME = "$(TARGET_NAME)";
				SWIFT_EMIT_LOC_STRINGS = NO;
				SWIFT_VERSION = 5.0;
				TARGETED_DEVICE_FAMILY = "1,2";
				TEST_TARGET_NAME = chemistryApp;
			};
			name = Debug;
		};
		6E5A7F4C28AEF7A7002EA782 /* Release */ = {
			isa = XCBuildConfiguration;
			baseConfigurationReference = F364F6E4991E5665F6894EC5 /* Pods-chemistryApp-chemistryAppUITests.release.xcconfig */;
			buildSettings = {
				ALWAYS_EMBED_SWIFT_STANDARD_LIBRARIES = YES;
				CODE_SIGN_STYLE = Automatic;
				CURRENT_PROJECT_VERSION = 1;
				DEVELOPMENT_TEAM = 7ZW426UCNS;
				GENERATE_INFOPLIST_FILE = YES;
				MARKETING_VERSION = 1.0;
				PRODUCT_BUNDLE_IDENTIFIER = teste.chemistryAppUITests;
				PRODUCT_NAME = "$(TARGET_NAME)";
				SWIFT_EMIT_LOC_STRINGS = NO;
				SWIFT_VERSION = 5.0;
				TARGETED_DEVICE_FAMILY = "1,2";
				TEST_TARGET_NAME = chemistryApp;
			};
			name = Release;
		};
/* End XCBuildConfiguration section */

/* Begin XCConfigurationList section */
		6E5A7F1228AEF79C002EA782 /* Build configuration list for PBXProject "chemistryApp" */ = {
			isa = XCConfigurationList;
			buildConfigurations = (
				6E5A7F4228AEF7A7002EA782 /* Debug */,
				6E5A7F4328AEF7A7002EA782 /* Release */,
			);
			defaultConfigurationIsVisible = 0;
			defaultConfigurationName = Release;
		};
		6E5A7F4428AEF7A7002EA782 /* Build configuration list for PBXNativeTarget "chemistryApp" */ = {
			isa = XCConfigurationList;
			buildConfigurations = (
				6E5A7F4528AEF7A7002EA782 /* Debug */,
				6E5A7F4628AEF7A7002EA782 /* Release */,
			);
			defaultConfigurationIsVisible = 0;
			defaultConfigurationName = Release;
		};
		6E5A7F4728AEF7A7002EA782 /* Build configuration list for PBXNativeTarget "chemistryAppTests" */ = {
			isa = XCConfigurationList;
			buildConfigurations = (
				6E5A7F4828AEF7A7002EA782 /* Debug */,
				6E5A7F4928AEF7A7002EA782 /* Release */,
			);
			defaultConfigurationIsVisible = 0;
			defaultConfigurationName = Release;
		};
		6E5A7F4A28AEF7A7002EA782 /* Build configuration list for PBXNativeTarget "chemistryAppUITests" */ = {
			isa = XCConfigurationList;
			buildConfigurations = (
				6E5A7F4B28AEF7A7002EA782 /* Debug */,
				6E5A7F4C28AEF7A7002EA782 /* Release */,
			);
			defaultConfigurationIsVisible = 0;
			defaultConfigurationName = Release;
		};
/* End XCConfigurationList section */

/* Begin XCVersionGroup section */
		6E5A7F2328AEF79C002EA782 /* chemistryApp.xcdatamodeld */ = {
			isa = XCVersionGroup;
			children = (
				6E5A7F2428AEF79C002EA782 /* chemistryApp.xcdatamodel */,
			);
			currentVersion = 6E5A7F2428AEF79C002EA782 /* chemistryApp.xcdatamodel */;
			path = chemistryApp.xcdatamodeld;
			sourceTree = "<group>";
			versionGroupType = wrapper.xcdatamodel;
		};
/* End XCVersionGroup section */
	};
	rootObject = 6E5A7F0F28AEF79C002EA782 /* Project object */;
}
